// !$*UTF8*$!
// Minimal Xcode project for the FSKit appex. The mix task
// `exfuse.fskit.bundle` builds the extension through this project when full
// Xcode is available: appexes built by a bare `swiftc` launch, run their
// @main, and then exit instead of staying resident to serve the extension —
// the extensionkit-extension product type carries link/packaging behavior
// the plain toolchain does not reproduce. DEVELOPMENT_TEAM is injected on
// the xcodebuild command line.
{
	archiveVersion = 1;
	classes = {
	};
	objectVersion = 56;
	objects = {
		AA00000000000000000011 /* ExfuseFSKitExtension.swift */ = {isa = PBXFileReference; lastKnownFileType = sourcecode.swift; path = "../ExfuseFSKitExtension.swift"; sourceTree = "<group>"; };
		AA00000000000000000012 /* ExfuseFileSystem.swift */ = {isa = PBXFileReference; lastKnownFileType = sourcecode.swift; path = "../ExfuseFileSystem.swift"; sourceTree = "<group>"; };
		AA00000000000000000013 /* ExfuseItem.swift */ = {isa = PBXFileReference; lastKnownFileType = sourcecode.swift; path = "../ExfuseItem.swift"; sourceTree = "<group>"; };
		AA00000000000000000014 /* ExfuseVolume.swift */ = {isa = PBXFileReference; lastKnownFileType = sourcecode.swift; path = "../ExfuseVolume.swift"; sourceTree = "<group>"; };
		AA00000000000000000015 /* ExfuseWire.swift */ = {isa = PBXFileReference; lastKnownFileType = sourcecode.swift; path = "../ExfuseWire.swift"; sourceTree = "<group>"; };
		AA00000000000000000016 /* ExfuseFSKitExtension.appex */ = {isa = PBXFileReference; explicitFileType = "wrapper.extensionkit-extension"; includeInIndex = 0; path = ExfuseFSKitExtension.appex; sourceTree = BUILT_PRODUCTS_DIR; };
		BB00000000000000000011 /* ExfuseFSKitExtension.swift in Sources */ = {isa = PBXBuildFile; fileRef = AA00000000000000000011; };
		BB00000000000000000012 /* ExfuseFileSystem.swift in Sources */ = {isa = PBXBuildFile; fileRef = AA00000000000000000012; };
		BB00000000000000000013 /* ExfuseItem.swift in Sources */ = {isa = PBXBuildFile; fileRef = AA00000000000000000013; };
		BB00000000000000000014 /* ExfuseVolume.swift in Sources */ = {isa = PBXBuildFile; fileRef = AA00000000000000000014; };
		BB00000000000000000015 /* ExfuseWire.swift in Sources */ = {isa = PBXBuildFile; fileRef = AA00000000000000000015; };
		CC00000000000000000011 /* Sources */ = {
			isa = PBXSourcesBuildPhase;
			buildActionMask = 2147483647;
			files = (
				BB00000000000000000011,
				BB00000000000000000012,
				BB00000000000000000013,
				BB00000000000000000014,
				BB00000000000000000015,
			);
			runOnlyForDeploymentPostprocessing = 0;
		};
		DD00000000000000000011 = {
			isa = PBXGroup;
			children = (
				AA00000000000000000011,
				AA00000000000000000012,
				AA00000000000000000013,
				AA00000000000000000014,
				AA00000000000000000015,
				DD00000000000000000012,
			);
			sourceTree = "<group>";
		};
		DD00000000000000000012 /* Products */ = {
			isa = PBXGroup;
			children = (
				AA00000000000000000016,
			);
			name = Products;
			sourceTree = "<group>";
		};
		EE00000000000000000011 /* target configs */ = {
			isa = XCConfigurationList;
			buildConfigurations = (
				FF00000000000000000012,
			);
			defaultConfigurationIsVisible = 0;
			defaultConfigurationName = Release;
		};
		EE00000000000000000012 /* project configs */ = {
			isa = XCConfigurationList;
			buildConfigurations = (
				FF00000000000000000011,
			);
			defaultConfigurationIsVisible = 0;
			defaultConfigurationName = Release;
		};
		FF00000000000000000011 /* Release project */ = {
			isa = XCBuildConfiguration;
			buildSettings = {
				SDKROOT = macosx;
			};
			name = Release;
		};
		FF00000000000000000012 /* Release target */ = {
			isa = XCBuildConfiguration;
			buildSettings = {
				CODE_SIGN_ENTITLEMENTS = "../Entitlements.plist";
				CODE_SIGN_STYLE = Automatic;
				ENABLE_HARDENED_RUNTIME = NO;
				GENERATE_INFOPLIST_FILE = NO;
				INFOPLIST_FILE = "../Info.plist";
				MACOSX_DEPLOYMENT_TARGET = 26.0;
				PRODUCT_BUNDLE_IDENTIFIER = "org.exfuse.fskit.extension";
				PRODUCT_NAME = ExfuseFSKitExtension;
				SWIFT_VERSION = 5.0;
			};
			name = Release;
		};
		GG00000000000000000011 /* ExfuseFSKitExtension */ = {
			isa = PBXNativeTarget;
			buildConfigurationList = EE00000000000000000011;
			buildPhases = (
				CC00000000000000000011,
			);
			buildRules = (
			);
			dependencies = (
			);
			name = ExfuseFSKitExtension;
			productName = ExfuseFSKitExtension;
			productReference = AA00000000000000000016;
			productType = "com.apple.product-type.extensionkit-extension";
		};
		HH00000000000000000011 /* Project object */ = {
			isa = PBXProject;
			attributes = {
				LastUpgradeCheck = 1500;
				TargetAttributes = {
					GG00000000000000000011 = {
						CreatedOnToolsVersion = 15.0;
					};
				};
			};
			buildConfigurationList = EE00000000000000000012;
			compatibilityVersion = "Xcode 14.0";
			developmentRegion = en;
			hasScannedForEncodings = 0;
			knownRegions = (
				en,
				Base,
			);
			mainGroup = DD00000000000000000011;
			productRefGroup = DD00000000000000000012;
			projectDirPath = "";
			projectRoot = "";
			targets = (
				GG00000000000000000011,
			);
		};
	};
	rootObject = HH00000000000000000011;
}
